// !$*UTF8*$!
{
	archiveVersion = 1;
	classes = {
	};
	objectVersion = 50;
	objects = {

/* Begin PBXBuildFile section */
		1F205E60FDCC0C671BF0B34C /* Pods_Client.framework in Frameworks */ = {isa = PBXBuildFile; fileRef = 188FD653EB35CC952A9112A6 /* Pods_Client.framework */; };
		5E6614AF22AA29F100D9C163 /* VoteTableViewController.swift in Sources */ = {isa = PBXBuildFile; fileRef = 5E6614AE22AA29F100D9C163 /* VoteTableViewController.swift */; };
		5E7C0C1322A65DAE00BCF136 /* UIConstants.swift in Sources */ = {isa = PBXBuildFile; fileRef = 5E7C0C1222A65DAE00BCF136 /* UIConstants.swift */; };
		5E7C0C1522A667C400BCF136 /* barcode.pdf in Resources */ = {isa = PBXBuildFile; fileRef = 5E7C0C1422A667C400BCF136 /* barcode.pdf */; };
		5E7C0C1722A746B500BCF136 /* Assets.xcassets in Resources */ = {isa = PBXBuildFile; fileRef = 5E7C0C1622A746B500BCF136 /* Assets.xcassets */; };
		5E7C0C1C22A91A0C00BCF136 /* record_off.mp3 in Resources */ = {isa = PBXBuildFile; fileRef = 5E7C0C1A22A91A0C00BCF136 /* record_off.mp3 */; };
		5E7C0C1D22A91A0C00BCF136 /* record_on.mp3 in Resources */ = {isa = PBXBuildFile; fileRef = 5E7C0C1B22A91A0C00BCF136 /* record_on.mp3 */; };
		5E7C0C2122A99A0A00BCF136 /* Backend.swift in Sources */ = {isa = PBXBuildFile; fileRef = 5E7C0C2022A99A0A00BCF136 /* Backend.swift */; };
		5EC836E022A5B65100DBD43B /* AppDelegate.swift in Sources */ = {isa = PBXBuildFile; fileRef = 5EC836DF22A5B65100DBD43B /* AppDelegate.swift */; };
		5EC836E222A5B65100DBD43B /* ViewController.swift in Sources */ = {isa = PBXBuildFile; fileRef = 5EC836E122A5B65100DBD43B /* ViewController.swift */; };
		5EC836E522A5B65100DBD43B /* Main.storyboard in Resources */ = {isa = PBXBuildFile; fileRef = 5EC836E322A5B65100DBD43B /* Main.storyboard */; };
		5EC836EA22A5B65300DBD43B /* LaunchScreen.storyboard in Resources */ = {isa = PBXBuildFile; fileRef = 5EC836E822A5B65300DBD43B /* LaunchScreen.storyboard */; };
		5EC836F722A6003A00DBD43B /* QRScannerView.swift in Sources */ = {isa = PBXBuildFile; fileRef = 5EC836F622A6003A00DBD43B /* QRScannerView.swift */; };
		5EC836F922A6012700DBD43B /* QRData.swift in Sources */ = {isa = PBXBuildFile; fileRef = 5EC836F822A6012700DBD43B /* QRData.swift */; };
		5EC836FC22A617AB00DBD43B /* BrainStormController.swift in Sources */ = {isa = PBXBuildFile; fileRef = 5EC836FB22A617AB00DBD43B /* BrainStormController.swift */; };
		5EC8370122A6377900DBD43B /* GoogleService-Info.plist in Resources */ = {isa = PBXBuildFile; fileRef = 5EC8370022A6377900DBD43B /* GoogleService-Info.plist */; };
/* End PBXBuildFile section */

/* Begin PBXFileReference section */
		10EF616F04235828F9842141 /* Pods-Client.release.xcconfig */ = {isa = PBXFileReference; includeInIndex = 1; lastKnownFileType = text.xcconfig; name = "Pods-Client.release.xcconfig"; path = "Target Support Files/Pods-Client/Pods-Client.release.xcconfig"; sourceTree = "<group>"; };
		188FD653EB35CC952A9112A6 /* Pods_Client.framework */ = {isa = PBXFileReference; explicitFileType = wrapper.framework; includeInIndex = 0; path = Pods_Client.framework; sourceTree = BUILT_PRODUCTS_DIR; };
		5E6614AE22AA29F100D9C163 /* VoteTableViewController.swift */ = {isa = PBXFileReference; lastKnownFileType = sourcecode.swift; path = VoteTableViewController.swift; sourceTree = "<group>"; };
		5E7C0C1222A65DAE00BCF136 /* UIConstants.swift */ = {isa = PBXFileReference; lastKnownFileType = sourcecode.swift; path = UIConstants.swift; sourceTree = "<group>"; };
		5E7C0C1422A667C400BCF136 /* barcode.pdf */ = {isa = PBXFileReference; lastKnownFileType = image.pdf; path = barcode.pdf; sourceTree = "<group>"; };
		5E7C0C1622A746B500BCF136 /* Assets.xcassets */ = {isa = PBXFileReference; lastKnownFileType = folder.assetcatalog; path = Assets.xcassets; sourceTree = "<group>"; };
		5E7C0C1A22A91A0C00BCF136 /* record_off.mp3 */ = {isa = PBXFileReference; lastKnownFileType = audio.mp3; path = record_off.mp3; sourceTree = "<group>"; };
		5E7C0C1B22A91A0C00BCF136 /* record_on.mp3 */ = {isa = PBXFileReference; lastKnownFileType = audio.mp3; path = record_on.mp3; sourceTree = "<group>"; };
		5E7C0C2022A99A0A00BCF136 /* Backend.swift */ = {isa = PBXFileReference; lastKnownFileType = sourcecode.swift; path = Backend.swift; sourceTree = "<group>"; };
		5EC836DC22A5B65100DBD43B /* Client.app */ = {isa = PBXFileReference; explicitFileType = wrapper.application; includeInIndex = 0; path = Client.app; sourceTree = BUILT_PRODUCTS_DIR; };
		5EC836DF22A5B65100DBD43B /* AppDelegate.swift */ = {isa = PBXFileReference; lastKnownFileType = sourcecode.swift; path = AppDelegate.swift; sourceTree = "<group>"; };
		5EC836E122A5B65100DBD43B /* ViewController.swift */ = {isa = PBXFileReference; lastKnownFileType = sourcecode.swift; path = ViewController.swift; sourceTree = "<group>"; };
		5EC836E422A5B65100DBD43B /* Base */ = {isa = PBXFileReference; lastKnownFileType = file.storyboard; name = Base; path = Base.lproj/Main.storyboard; sourceTree = "<group>"; };
		5EC836E922A5B65300DBD43B /* Base */ = {isa = PBXFileReference; lastKnownFileType = file.storyboard; name = Base; path = Base.lproj/LaunchScreen.storyboard; sourceTree = "<group>"; };
		5EC836EB22A5B65300DBD43B /* Info.plist */ = {isa = PBXFileReference; lastKnownFileType = text.plist.xml; path = Info.plist; sourceTree = "<group>"; };
		5EC836F622A6003A00DBD43B /* QRScannerView.swift */ = {isa = PBXFileReference; lastKnownFileType = sourcecode.swift; path = QRScannerView.swift; sourceTree = "<group>"; };
		5EC836F822A6012700DBD43B /* QRData.swift */ = {isa = PBXFileReference; fileEncoding = 4; lastKnownFileType = sourcecode.swift; path = QRData.swift; sourceTree = "<group>"; };
		5EC836FB22A617AB00DBD43B /* BrainStormController.swift */ = {isa = PBXFileReference; lastKnownFileType = sourcecode.swift; path = BrainStormController.swift; sourceTree = "<group>"; };
		5EC8370022A6377900DBD43B /* GoogleService-Info.plist */ = {isa = PBXFileReference; fileEncoding = 4; lastKnownFileType = text.plist.xml; path = "GoogleService-Info.plist"; sourceTree = "<group>"; };
		79F0A5DBCDBE74302728DE10 /* Pods-Client.debug.xcconfig */ = {isa = PBXFileReference; includeInIndex = 1; lastKnownFileType = text.xcconfig; name = "Pods-Client.debug.xcconfig"; path = "Target Support Files/Pods-Client/Pods-Client.debug.xcconfig"; sourceTree = "<group>"; };
/* End PBXFileReference section */

/* Begin PBXFrameworksBuildPhase section */
		5EC836D922A5B65100DBD43B /* Frameworks */ = {
			isa = PBXFrameworksBuildPhase;
			buildActionMask = 2147483647;
			files = (
				1F205E60FDCC0C671BF0B34C /* Pods_Client.framework in Frameworks */,
			);
			runOnlyForDeploymentPostprocessing = 0;
		};
/* End PBXFrameworksBuildPhase section */

/* Begin PBXGroup section */
		1E199F8B471919F30E0417C2 /* Frameworks */ = {
			isa = PBXGroup;
			children = (
				188FD653EB35CC952A9112A6 /* Pods_Client.framework */,
			);
			name = Frameworks;
			sourceTree = "<group>";
		};
		4F26DC0BD0B1B2B83F051A59 /* Pods */ = {
			isa = PBXGroup;
			children = (
				79F0A5DBCDBE74302728DE10 /* Pods-Client.debug.xcconfig */,
				10EF616F04235828F9842141 /* Pods-Client.release.xcconfig */,
			);
			path = Pods;
			sourceTree = "<group>";
		};
		5E7C0C1E22A91A1800BCF136 /* Audio_assets */ = {
			isa = PBXGroup;
			children = (
				5E7C0C1A22A91A0C00BCF136 /* record_off.mp3 */,
				5E7C0C1B22A91A0C00BCF136 /* record_on.mp3 */,
			);
			path = Audio_assets;
			sourceTree = "<group>";
		};
		5E7C0C1F22A92F5B00BCF136 /* Storyboards */ = {
			isa = PBXGroup;
			children = (
				5EC836E322A5B65100DBD43B /* Main.storyboard */,
				5EC836E822A5B65300DBD43B /* LaunchScreen.storyboard */,
			);
			path = Storyboards;
			sourceTree = "<group>";
		};
		5E7C0C2222A99A6200BCF136 /* Model */ = {
			isa = PBXGroup;
			children = (
				5E7C0C2022A99A0A00BCF136 /* Backend.swift */,
			);
			path = Model;
			sourceTree = "<group>";
		};
		5EC836D322A5B65100DBD43B = {
			isa = PBXGroup;
			children = (
				5EC836DE22A5B65100DBD43B /* Client */,
				5EC836DD22A5B65100DBD43B /* Products */,
				4F26DC0BD0B1B2B83F051A59 /* Pods */,
				1E199F8B471919F30E0417C2 /* Frameworks */,
			);
			sourceTree = "<group>";
		};
		5EC836DD22A5B65100DBD43B /* Products */ = {
			isa = PBXGroup;
			children = (
				5EC836DC22A5B65100DBD43B /* Client.app */,
			);
			name = Products;
			sourceTree = "<group>";
		};
		5EC836DE22A5B65100DBD43B /* Client */ = {
			isa = PBXGroup;
			children = (
				5E7C0C2222A99A6200BCF136 /* Model */,
				5EC836E122A5B65100DBD43B /* ViewController.swift */,
				5EC836FA22A6175F00DBD43B /* ViewControllers */,
				5EC836FD22A617E900DBD43B /* QR */,
				5E7C0C1F22A92F5B00BCF136 /* Storyboards */,
				5EC836DF22A5B65100DBD43B /* AppDelegate.swift */,
				5EC836EB22A5B65300DBD43B /* Info.plist */,
				5EC8370022A6377900DBD43B /* GoogleService-Info.plist */,
				5EC836F322A5B98600DBD43B /* Constants */,
				5E7C0C1622A746B500BCF136 /* Assets.xcassets */,
				5E7C0C1E22A91A1800BCF136 /* Audio_assets */,
			);
			path = Client;
			sourceTree = "<group>";
		};
		5EC836F322A5B98600DBD43B /* Constants */ = {
			isa = PBXGroup;
			children = (
				5E7C0C1422A667C400BCF136 /* barcode.pdf */,
				5E7C0C1222A65DAE00BCF136 /* UIConstants.swift */,
			);
			path = Constants;
			sourceTree = "<group>";
		};
		5EC836FA22A6175F00DBD43B /* ViewControllers */ = {
			isa = PBXGroup;
			children = (
				5E6614AE22AA29F100D9C163 /* VoteTableViewController.swift */,
				5EC836FB22A617AB00DBD43B /* BrainStormController.swift */,
			);
			path = ViewControllers;
			sourceTree = "<group>";
		};
		5EC836FD22A617E900DBD43B /* QR */ = {
			isa = PBXGroup;
			children = (
				5EC836F822A6012700DBD43B /* QRData.swift */,
				5EC836F622A6003A00DBD43B /* QRScannerView.swift */,
			);
			path = QR;
			sourceTree = "<group>";
		};
/* End PBXGroup section */

/* Begin PBXNativeTarget section */
		5EC836DB22A5B65100DBD43B /* Client */ = {
			isa = PBXNativeTarget;
			buildConfigurationList = 5EC836EE22A5B65300DBD43B /* Build configuration list for PBXNativeTarget "Client" */;
			buildPhases = (
				D32A766E98AD5A3780A6644F /* [CP] Check Pods Manifest.lock */,
				5EC836D822A5B65100DBD43B /* Sources */,
				5EC836D922A5B65100DBD43B /* Frameworks */,
				5EC836DA22A5B65100DBD43B /* Resources */,
				2BFCEB5B14ED9B93E90DC467 /* [CP] Embed Pods Frameworks */,
			);
			buildRules = (
			);
			dependencies = (
			);
			name = Client;
			productName = Client;
			productReference = 5EC836DC22A5B65100DBD43B /* Client.app */;
			productType = "com.apple.product-type.application";
		};
/* End PBXNativeTarget section */

/* Begin PBXProject section */
		5EC836D422A5B65100DBD43B /* Project object */ = {
			isa = PBXProject;
			attributes = {
				LastSwiftUpdateCheck = 1020;
				LastUpgradeCheck = 1020;
				ORGANIZATIONNAME = "Daniel Kharitonov";
				TargetAttributes = {
					5EC836DB22A5B65100DBD43B = {
						CreatedOnToolsVersion = 10.2.1;
					};
				};
			};
			buildConfigurationList = 5EC836D722A5B65100DBD43B /* Build configuration list for PBXProject "Client" */;
			compatibilityVersion = "Xcode 9.3";
			developmentRegion = en;
			hasScannedForEncodings = 0;
			knownRegions = (
				en,
				Base,
			);
			mainGroup = 5EC836D322A5B65100DBD43B;
			productRefGroup = 5EC836DD22A5B65100DBD43B /* Products */;
			projectDirPath = "";
			projectRoot = "";
			targets = (
				5EC836DB22A5B65100DBD43B /* Client */,
			);
		};
/* End PBXProject section */

/* Begin PBXResourcesBuildPhase section */
		5EC836DA22A5B65100DBD43B /* Resources */ = {
			isa = PBXResourcesBuildPhase;
			buildActionMask = 2147483647;
			files = (
				5EC836EA22A5B65300DBD43B /* LaunchScreen.storyboard in Resources */,
				5EC8370122A6377900DBD43B /* GoogleService-Info.plist in Resources */,
				5E7C0C1522A667C400BCF136 /* barcode.pdf in Resources */,
				5E7C0C1D22A91A0C00BCF136 /* record_on.mp3 in Resources */,
				5E7C0C1C22A91A0C00BCF136 /* record_off.mp3 in Resources */,
				5EC836E522A5B65100DBD43B /* Main.storyboard in Resources */,
				5E7C0C1722A746B500BCF136 /* Assets.xcassets in Resources */,
			);
			runOnlyForDeploymentPostprocessing = 0;
		};
/* End PBXResourcesBuildPhase section */

/* Begin PBXShellScriptBuildPhase section */
		2BFCEB5B14ED9B93E90DC467 /* [CP] Embed Pods Frameworks */ = {
			isa = PBXShellScriptBuildPhase;
			buildActionMask = 2147483647;
			files = (
			);
			inputFileListPaths = (
			);
			inputPaths = (
				"${PODS_ROOT}/Target Support Files/Pods-Client/Pods-Client-frameworks.sh",
				"${BUILT_PRODUCTS_DIR}/GoogleUtilities/GoogleUtilities.framework",
				"${BUILT_PRODUCTS_DIR}/leveldb-library/leveldb.framework",
				"${BUILT_PRODUCTS_DIR}/nanopb/nanopb.framework",
			);
			name = "[CP] Embed Pods Frameworks";
			outputFileListPaths = (
			);
			outputPaths = (
				"${TARGET_BUILD_DIR}/${FRAMEWORKS_FOLDER_PATH}/GoogleUtilities.framework",
				"${TARGET_BUILD_DIR}/${FRAMEWORKS_FOLDER_PATH}/leveldb.framework",
				"${TARGET_BUILD_DIR}/${FRAMEWORKS_FOLDER_PATH}/nanopb.framework",
			);
			runOnlyForDeploymentPostprocessing = 0;
			shellPath = /bin/sh;
			shellScript = "\"${PODS_ROOT}/Target Support Files/Pods-Client/Pods-Client-frameworks.sh\"\n";
			showEnvVarsInLog = 0;
		};
		D32A766E98AD5A3780A6644F /* [CP] Check Pods Manifest.lock */ = {
			isa = PBXShellScriptBuildPhase;
			buildActionMask = 2147483647;
			files = (
			);
			inputFileListPaths = (
			);
			inputPaths = (
				"${PODS_PODFILE_DIR_PATH}/Podfile.lock",
				"${PODS_ROOT}/Manifest.lock",
			);
			name = "[CP] Check Pods Manifest.lock";
			outputFileListPaths = (
			);
			outputPaths = (
				"$(DERIVED_FILE_DIR)/Pods-Client-checkManifestLockResult.txt",
			);
			runOnlyForDeploymentPostprocessing = 0;
			shellPath = /bin/sh;
			shellScript = "diff \"${PODS_PODFILE_DIR_PATH}/Podfile.lock\" \"${PODS_ROOT}/Manifest.lock\" > /dev/null\nif [ $? != 0 ] ; then\n    # print error to STDERR\n    echo \"error: The sandbox is not in sync with the Podfile.lock. Run 'pod install' or update your CocoaPods installation.\" >&2\n    exit 1\nfi\n# This output is used by Xcode 'outputs' to avoid re-running this script phase.\necho \"SUCCESS\" > \"${SCRIPT_OUTPUT_FILE_0}\"\n";
			showEnvVarsInLog = 0;
		};
/* End PBXShellScriptBuildPhase section */

/* Begin PBXSourcesBuildPhase section */
		5EC836D822A5B65100DBD43B /* Sources */ = {
			isa = PBXSourcesBuildPhase;
			buildActionMask = 2147483647;
			files = (
				5EC836F922A6012700DBD43B /* QRData.swift in Sources */,
				5E6614AF22AA29F100D9C163 /* VoteTableViewController.swift in Sources */,
				5EC836E222A5B65100DBD43B /* ViewController.swift in Sources */,
				5EC836F722A6003A00DBD43B /* QRScannerView.swift in Sources */,
				5EC836E022A5B65100DBD43B /* AppDelegate.swift in Sources */,
				5EC836FC22A617AB00DBD43B /* BrainStormController.swift in Sources */,
				5E7C0C2122A99A0A00BCF136 /* Backend.swift in Sources */,
				5E7C0C1322A65DAE00BCF136 /* UIConstants.swift in Sources */,
			);
			runOnlyForDeploymentPostprocessing = 0;
		};
/* End PBXSourcesBuildPhase section */

/* Begin PBXVariantGroup section */
		5EC836E322A5B65100DBD43B /* Main.storyboard */ = {
			isa = PBXVariantGroup;
			children = (
				5EC836E422A5B65100DBD43B /* Base */,
			);
			name = Main.storyboard;
			sourceTree = "<group>";
		};
		5EC836E822A5B65300DBD43B /* LaunchScreen.storyboard */ = {
			isa = PBXVariantGroup;
			children = (
				5EC836E922A5B65300DBD43B /* Base */,
			);
			name = LaunchScreen.storyboard;
			sourceTree = "<group>";
		};
/* End PBXVariantGroup section */

/* Begin XCBuildConfiguration section */
		5EC836EC22A5B65300DBD43B /* Debug */ = {
			isa = XCBuildConfiguration;
			buildSettings = {
				ALWAYS_SEARCH_USER_PATHS = NO;
				CLANG_ANALYZER_NONNULL = YES;
				CLANG_ANALYZER_NUMBER_OBJECT_CONVERSION = YES_AGGRESSIVE;
				CLANG_CXX_LANGUAGE_STANDARD = "gnu++14";
				CLANG_CXX_LIBRARY = "libc++";
				CLANG_ENABLE_MODULES = YES;
				CLANG_ENABLE_OBJC_ARC = YES;
				CLANG_ENABLE_OBJC_WEAK = YES;
				CLANG_WARN_BLOCK_CAPTURE_AUTORELEASING = YES;
				CLANG_WARN_BOOL_CONVERSION = YES;
				CLANG_WARN_COMMA = YES;
				CLANG_WARN_CONSTANT_CONVERSION = YES;
				CLANG_WARN_DEPRECATED_OBJC_IMPLEMENTATIONS = YES;
				CLANG_WARN_DIRECT_OBJC_ISA_USAGE = YES_ERROR;
				CLANG_WARN_DOCUMENTATION_COMMENTS = YES;
				CLANG_WARN_EMPTY_BODY = YES;
				CLANG_WARN_ENUM_CONVERSION = YES;
				CLANG_WARN_INFINITE_RECURSION = YES;
				CLANG_WARN_INT_CONVERSION = YES;
				CLANG_WARN_NON_LITERAL_NULL_CONVERSION = YES;
				CLANG_WARN_OBJC_IMPLICIT_RETAIN_SELF = YES;
				CLANG_WARN_OBJC_LITERAL_CONVERSION = YES;
				CLANG_WARN_OBJC_ROOT_CLASS = YES_ERROR;
				CLANG_WARN_RANGE_LOOP_ANALYSIS = YES;
				CLANG_WARN_STRICT_PROTOTYPES = YES;
				CLANG_WARN_SUSPICIOUS_MOVE = YES;
				CLANG_WARN_UNGUARDED_AVAILABILITY = YES_AGGRESSIVE;
				CLANG_WARN_UNREACHABLE_CODE = YES;
				CLANG_WARN__DUPLICATE_METHOD_MATCH = YES;
				CODE_SIGN_IDENTITY = "iPhone Developer";
				COPY_PHASE_STRIP = NO;
				DEBUG_INFORMATION_FORMAT = dwarf;
				ENABLE_STRICT_OBJC_MSGSEND = YES;
				ENABLE_TESTABILITY = YES;
				GCC_C_LANGUAGE_STANDARD = gnu11;
				GCC_DYNAMIC_NO_PIC = NO;
				GCC_NO_COMMON_BLOCKS = YES;
				GCC_OPTIMIZATION_LEVEL = 0;
				GCC_PREPROCESSOR_DEFINITIONS = (
					"DEBUG=1",
					"$(inherited)",
				);
				GCC_WARN_64_TO_32_BIT_CONVERSION = YES;
				GCC_WARN_ABOUT_RETURN_TYPE = YES_ERROR;
				GCC_WARN_UNDECLARED_SELECTOR = YES;
				GCC_WARN_UNINITIALIZED_AUTOS = YES_AGGRESSIVE;
				GCC_WARN_UNUSED_FUNCTION = YES;
				GCC_WARN_UNUSED_VARIABLE = YES;
				IPHONEOS_DEPLOYMENT_TARGET = 12.2;
				MTL_ENABLE_DEBUG_INFO = INCLUDE_SOURCE;
				MTL_FAST_MATH = YES;
				ONLY_ACTIVE_ARCH = YES;
				SDKROOT = iphoneos;
				SWIFT_ACTIVE_COMPILATION_CONDITIONS = DEBUG;
				SWIFT_OPTIMIZATION_LEVEL = "-Onone";
			};
			name = Debug;
		};
		5EC836ED22A5B65300DBD43B /* Release */ = {
			isa = XCBuildConfiguration;
			buildSettings = {
				ALWAYS_SEARCH_USER_PATHS = NO;
				CLANG_ANALYZER_NONNULL = YES;
				CLANG_ANALYZER_NUMBER_OBJECT_CONVERSION = YES_AGGRESSIVE;
				CLANG_CXX_LANGUAGE_STANDARD = "gnu++14";
				CLANG_CXX_LIBRARY = "libc++";
				CLANG_ENABLE_MODULES = YES;
				CLANG_ENABLE_OBJC_ARC = YES;
				CLANG_ENABLE_OBJC_WEAK = YES;
				CLANG_WARN_BLOCK_CAPTURE_AUTORELEASING = YES;
				CLANG_WARN_BOOL_CONVERSION = YES;
				CLANG_WARN_COMMA = YES;
				CLANG_WARN_CONSTANT_CONVERSION = YES;
				CLANG_WARN_DEPRECATED_OBJC_IMPLEMENTATIONS = YES;
				CLANG_WARN_DIRECT_OBJC_ISA_USAGE = YES_ERROR;
				CLANG_WARN_DOCUMENTATION_COMMENTS = YES;
				CLANG_WARN_EMPTY_BODY = YES;
				CLANG_WARN_ENUM_CONVERSION = YES;
				CLANG_WARN_INFINITE_RECURSION = YES;
				CLANG_WARN_INT_CONVERSION = YES;
				CLANG_WARN_NON_LITERAL_NULL_CONVERSION = YES;
				CLANG_WARN_OBJC_IMPLICIT_RETAIN_SELF = YES;
				CLANG_WARN_OBJC_LITERAL_CONVERSION = YES;
				CLANG_WARN_OBJC_ROOT_CLASS = YES_ERROR;
				CLANG_WARN_RANGE_LOOP_ANALYSIS = YES;
				CLANG_WARN_STRICT_PROTOTYPES = YES;
				CLANG_WARN_SUSPICIOUS_MOVE = YES;
				CLANG_WARN_UNGUARDED_AVAILABILITY = YES_AGGRESSIVE;
				CLANG_WARN_UNREACHABLE_CODE = YES;
				CLANG_WARN__DUPLICATE_METHOD_MATCH = YES;
				CODE_SIGN_IDENTITY = "iPhone Developer";
				COPY_PHASE_STRIP = NO;
				DEBUG_INFORMATION_FORMAT = "dwarf-with-dsym";
				ENABLE_NS_ASSERTIONS = NO;
				ENABLE_STRICT_OBJC_MSGSEND = YES;
				GCC_C_LANGUAGE_STANDARD = gnu11;
				GCC_NO_COMMON_BLOCKS = YES;
				GCC_WARN_64_TO_32_BIT_CONVERSION = YES;
				GCC_WARN_ABOUT_RETURN_TYPE = YES_ERROR;
				GCC_WARN_UNDECLARED_SELECTOR = YES;
				GCC_WARN_UNINITIALIZED_AUTOS = YES_AGGRESSIVE;
				GCC_WARN_UNUSED_FUNCTION = YES;
				GCC_WARN_UNUSED_VARIABLE = YES;
				IPHONEOS_DEPLOYMENT_TARGET = 12.2;
				MTL_ENABLE_DEBUG_INFO = NO;
				MTL_FAST_MATH = YES;
				SDKROOT = iphoneos;
				SWIFT_COMPILATION_MODE = wholemodule;
				SWIFT_OPTIMIZATION_LEVEL = "-O";
				VALIDATE_PRODUCT = YES;
			};
			name = Release;
		};
		5EC836EF22A5B65300DBD43B /* Debug */ = {
			isa = XCBuildConfiguration;
			baseConfigurationReference = 79F0A5DBCDBE74302728DE10 /* Pods-Client.debug.xcconfig */;
			buildSettings = {
				ASSETCATALOG_COMPILER_APPICON_NAME = AppIcon;
				CODE_SIGN_STYLE = Automatic;
				DEVELOPMENT_TEAM = Q2M4THZ4QH;
				INFOPLIST_FILE = Client/Info.plist;
				LD_RUNPATH_SEARCH_PATHS = (
					"$(inherited)",
					"@executable_path/Frameworks",
				);
				PRODUCT_BUNDLE_IDENTIFIER = edu.stanford.cs193p.dkharito.Client;
				PRODUCT_NAME = "$(TARGET_NAME)";
				SWIFT_VERSION = 5.0;
				TARGETED_DEVICE_FAMILY = "1,2";
			};
			name = Debug;
		};
		5EC836F022A5B65300DBD43B /* Release */ = {
			isa = XCBuildConfiguration;
			baseConfigurationReference = 10EF616F04235828F9842141 /* Pods-Client.release.xcconfig */;
			buildSettings = {
				ASSETCATALOG_COMPILER_APPICON_NAME = AppIcon;
				CODE_SIGN_STYLE = Automatic;
				DEVELOPMENT_TEAM = Q2M4THZ4QH;
				INFOPLIST_FILE = Client/Info.plist;
				LD_RUNPATH_SEARCH_PATHS = (
					"$(inherited)",
					"@executable_path/Frameworks",
				);
				PRODUCT_BUNDLE_IDENTIFIER = edu.stanford.cs193p.dkharito.Client;
				PRODUCT_NAME = "$(TARGET_NAME)";
				SWIFT_VERSION = 5.0;
				TARGETED_DEVICE_FAMILY = "1,2";
			};
			name = Release;
		};
/* End XCBuildConfiguration section */

/* Begin XCConfigurationList section */
		5EC836D722A5B65100DBD43B /* Build configuration list for PBXProject "Client" */ = {
			isa = XCConfigurationList;
			buildConfigurations = (
				5EC836EC22A5B65300DBD43B /* Debug */,
				5EC836ED22A5B65300DBD43B /* Release */,
			);
			defaultConfigurationIsVisible = 0;
			defaultConfigurationName = Release;
		};
		5EC836EE22A5B65300DBD43B /* Build configuration list for PBXNativeTarget "Client" */ = {
			isa = XCConfigurationList;
			buildConfigurations = (
				5EC836EF22A5B65300DBD43B /* Debug */,
				5EC836F022A5B65300DBD43B /* Release */,
			);
			defaultConfigurationIsVisible = 0;
			defaultConfigurationName = Release;
		};
/* End XCConfigurationList section */
	};
	rootObject = 5EC836D422A5B65100DBD43B /* Project object */;
}
